
Microsoft Visual Studio Solution File, Format Version 12.00
# Visual Studio Version 17
VisualStudioVersion = 17.13.35825.156
MinimumVisualStudioVersion = 10.0.40219.1
Project("{FAE04EC0-301F-11D3-BF4B-00C04F79EFBC}") = "LINQLibraryExplorer", "LINQLibraryExplorer\LINQLibraryExplorer.csproj", "{80793618-D5A9-4786-BBCA-D24AA12098C8}"
EndProject
Project("{FAE04EC0-301F-11D3-BF4B-00C04F79EFBC}") = "LibraryClasses", "LibraryClasses\LibraryClasses.csproj", "{B7CE6485-C862-47EB-8560-47786733B249}"
EndProject
Project("{FAE04EC0-301F-11D3-BF4B-00C04F79EFBC}") = "LibraryData", "LibraryData\LibraryData.csproj", "{09F99A7A-30E0-4A4E-A1A2-88536CD34A44}"
EndProject
Global
	GlobalSection(SolutionConfigurationPlatforms) = preSolution
		Debug|Any CPU = Debug|Any CPU
		Release|Any CPU = Release|Any CPU
	EndGlobalSection
	GlobalSection(ProjectConfigurationPlatforms) = postSolution
		{80793618-D5A9-4786-BBCA-D24AA12098C8}.Debug|Any CPU.ActiveCfg = Debug|Any CPU
		{80793618-D5A9-4786-BBCA-D24AA12098C8}.Debug|Any CPU.Build.0 = Debug|Any CPU
		{80793618-D5A9-4786-BBCA-D24AA12098C8}.Release|Any CPU.ActiveCfg = Release|Any CPU
		{80793618-D5A9-4786-BBCA-D24AA12098C8}.Release|Any CPU.Build.0 = Release|Any CPU
		{B7CE6485-C862-47EB-8560-47786733B249}.Debug|Any CPU.ActiveCfg = Debug|Any CPU
		{B7CE6485-C862-47EB-8560-47786733B249}.Debug|Any CPU.Build.0 = Debug|Any CPU
		{B7CE6485-C862-47EB-8560-47786733B249}.Release|Any CPU.ActiveCfg = Release|Any CPU
		{B7CE6485-C862-47EB-8560-47786733B249}.Release|Any CPU.Build.0 = Release|Any CPU
		{09F99A7A-30E0-4A4E-A1A2-88536CD34A44}.Debug|Any CPU.ActiveCfg = Debug|Any CPU
		{09F99A7A-30E0-4A4E-A1A2-88536CD34A44}.Debug|Any CPU.Build.0 = Debug|Any CPU
		{09F99A7A-30E0-4A4E-A1A2-88536CD34A44}.Release|Any CPU.ActiveCfg = Release|Any CPU
		{09F99A7A-30E0-4A4E-A1A2-88536CD34A44}.Release|Any CPU.Build.0 = Release|Any CPU
	EndGlobalSection
	GlobalSection(SolutionProperties) = preSolution
		HideSolutionNode = FALSE
	EndGlobalSection
	GlobalSection(ExtensibilityGlobals) = postSolution
		SolutionGuid = {8FD2270C-9C76-4ED9-AC6F-E78EBC99BB36}
	EndGlobalSection
EndGlobal
